
Microsoft Visual Studio Solution File, Format Version 12.00
# Visual Studio Version 16
VisualStudioVersion = 16.0.31613.86
MinimumVisualStudioVersion = 10.0.40219.1
Project("{FAE04EC0-301F-11D3-BF4B-00C04F79EFBC}") = "ZavrsniTest", "ZavrsniTest\ZavrsniTest.csproj", "{B0C6F3B5-B341-44CA-8BA3-FE1326952505}"
EndProject
Project("{FAE04EC0-301F-11D3-BF4B-00C04F79EFBC}") = "ZavrsniTestTest", "ZavrsniTestTest\ZavrsniTestTest.csproj", "{E473C825-7A88-4085-BD07-4EA9F26975EB}"
EndProject
Global
	GlobalSection(SolutionConfigurationPlatforms) = preSolution
		Debug|Any CPU = Debug|Any CPU
		Release|Any CPU = Release|Any CPU
	EndGlobalSection
	GlobalSection(ProjectConfigurationPlatforms) = postSolution
		{B0C6F3B5-B341-44CA-8BA3-FE1326952505}.Debug|Any CPU.ActiveCfg = Debug|Any CPU
		{B0C6F3B5-B341-44CA-8BA3-FE1326952505}.Debug|Any CPU.Build.0 = Debug|Any CPU
		{B0C6F3B5-B341-44CA-8BA3-FE1326952505}.Release|Any CPU.ActiveCfg = Release|Any CPU
		{B0C6F3B5-B341-44CA-8BA3-FE1326952505}.Release|Any CPU.Build.0 = Release|Any CPU
		{E473C825-7A88-4085-BD07-4EA9F26975EB}.Debug|Any CPU.ActiveCfg = Debug|Any CPU
		{E473C825-7A88-4085-BD07-4EA9F26975EB}.Debug|Any CPU.Build.0 = Debug|Any CPU
		{E473C825-7A88-4085-BD07-4EA9F26975EB}.Release|Any CPU.ActiveCfg = Release|Any CPU
		{E473C825-7A88-4085-BD07-4EA9F26975EB}.Release|Any CPU.Build.0 = Release|Any CPU
	EndGlobalSection
	GlobalSection(SolutionProperties) = preSolution
		HideSolutionNode = FALSE
	EndGlobalSection
	GlobalSection(ExtensibilityGlobals) = postSolution
		SolutionGuid = {85435991-854C-4D2F-9126-4F7373C427A5}
	EndGlobalSection
EndGlobal
